
Microsoft Visual Studio Solution File, Format Version 12.00
# Visual Studio Version 16
VisualStudioVersion = 16.0.30330.147
MinimumVisualStudioVersion = 10.0.40219.1
Project("{FAE04EC0-301F-11D3-BF4B-00C04F79EFBC}") = "WordChallenge2", "WordChallenge2\WordChallenge2.csproj", "{2B27F72D-E32B-4B63-A1AC-4380D84BB45F}"
EndProject
Global
	GlobalSection(SolutionConfigurationPlatforms) = preSolution
		Debug|Any CPU = Debug|Any CPU
		Release|Any CPU = Release|Any CPU
	EndGlobalSection
	GlobalSection(ProjectConfigurationPlatforms) = postSolution
		{2B27F72D-E32B-4B63-A1AC-4380D84BB45F}.Debug|Any CPU.ActiveCfg = Debug|Any CPU
		{2B27F72D-E32B-4B63-A1AC-4380D84BB45F}.Debug|Any CPU.Build.0 = Debug|Any CPU
		{2B27F72D-E32B-4B63-A1AC-4380D84BB45F}.Release|Any CPU.ActiveCfg = Release|Any CPU
		{2B27F72D-E32B-4B63-A1AC-4380D84BB45F}.Release|Any CPU.Build.0 = Release|Any CPU
	EndGlobalSection
	GlobalSection(SolutionProperties) = preSolution
		HideSolutionNode = FALSE
	EndGlobalSection
	GlobalSection(ExtensibilityGlobals) = postSolution
		SolutionGuid = {6917D99C-131B-4F16-B37C-FA265E7F85F9}
	EndGlobalSection
EndGlobal
